
Microsoft Visual Studio Solution File, Format Version 12.00
# Visual Studio Version 17
VisualStudioVersion = 17.14.36518.9
MinimumVisualStudioVersion = 10.0.40219.1
Project("{FAE04EC0-301F-11D3-BF4B-00C04F79EFBC}") = "POO", "POO\POO.csproj", "{F05F658C-4089-4D86-90D0-3B2C873A7C5B}"
EndProject
Project("{FAE04EC0-301F-11D3-BF4B-00C04F79EFBC}") = "AgendeDePessoas", "AgendeDePessoas\AgendeDePessoas.csproj", "{7F8F7750-07B6-46AC-9051-0A280DC66019}"
EndProject
Project("{FAE04EC0-301F-11D3-BF4B-00C04F79EFBC}") = "Exercicio1", "Exercicio1\Exercicio1.csproj", "{E9DC84BD-5495-44DA-8240-DE94365331C3}"
EndProject
Project("{FAE04EC0-301F-11D3-BF4B-00C04F79EFBC}") = "Exercicio2", "Exercicio2\Exercicio2.csproj", "{9537335A-C5F9-4242-93DC-3B09F7862B6B}"
EndProject
Project("{FAE04EC0-301F-11D3-BF4B-00C04F79EFBC}") = "Exercicio3", "Exercicio3\Exercicio3.csproj", "{9DA72383-EC75-4389-AC4C-04BC058B50B7}"
EndProject
Project("{FAE04EC0-301F-11D3-BF4B-00C04F79EFBC}") = "Exercicio4", "Exercicio4\Exercicio4.csproj", "{C9BBC670-0CFD-4037-A688-BAA3506CB0B7}"
EndProject
Project("{FAE04EC0-301F-11D3-BF4B-00C04F79EFBC}") = "Exercicio5", "Exercicio5\Exercicio5.csproj", "{D23740E4-5F87-4E20-9AB9-1F81F1407376}"
EndProject
Global
	GlobalSection(SolutionConfigurationPlatforms) = preSolution
		Debug|Any CPU = Debug|Any CPU
		Release|Any CPU = Release|Any CPU
	EndGlobalSection
	GlobalSection(ProjectConfigurationPlatforms) = postSolution
		{F05F658C-4089-4D86-90D0-3B2C873A7C5B}.Debug|Any CPU.ActiveCfg = Debug|Any CPU
		{F05F658C-4089-4D86-90D0-3B2C873A7C5B}.Debug|Any CPU.Build.0 = Debug|Any CPU
		{F05F658C-4089-4D86-90D0-3B2C873A7C5B}.Release|Any CPU.ActiveCfg = Release|Any CPU
		{F05F658C-4089-4D86-90D0-3B2C873A7C5B}.Release|Any CPU.Build.0 = Release|Any CPU
		{7F8F7750-07B6-46AC-9051-0A280DC66019}.Debug|Any CPU.ActiveCfg = Debug|Any CPU
		{7F8F7750-07B6-46AC-9051-0A280DC66019}.Debug|Any CPU.Build.0 = Debug|Any CPU
		{7F8F7750-07B6-46AC-9051-0A280DC66019}.Release|Any CPU.ActiveCfg = Release|Any CPU
		{7F8F7750-07B6-46AC-9051-0A280DC66019}.Release|Any CPU.Build.0 = Release|Any CPU
		{E9DC84BD-5495-44DA-8240-DE94365331C3}.Debug|Any CPU.ActiveCfg = Debug|Any CPU
		{E9DC84BD-5495-44DA-8240-DE94365331C3}.Debug|Any CPU.Build.0 = Debug|Any CPU
		{E9DC84BD-5495-44DA-8240-DE94365331C3}.Release|Any CPU.ActiveCfg = Release|Any CPU
		{E9DC84BD-5495-44DA-8240-DE94365331C3}.Release|Any CPU.Build.0 = Release|Any CPU
		{9537335A-C5F9-4242-93DC-3B09F7862B6B}.Debug|Any CPU.ActiveCfg = Debug|Any CPU
		{9537335A-C5F9-4242-93DC-3B09F7862B6B}.Debug|Any CPU.Build.0 = Debug|Any CPU
		{9537335A-C5F9-4242-93DC-3B09F7862B6B}.Release|Any CPU.ActiveCfg = Release|Any CPU
		{9537335A-C5F9-4242-93DC-3B09F7862B6B}.Release|Any CPU.Build.0 = Release|Any CPU
		{9DA72383-EC75-4389-AC4C-04BC058B50B7}.Debug|Any CPU.ActiveCfg = Debug|Any CPU
		{9DA72383-EC75-4389-AC4C-04BC058B50B7}.Debug|Any CPU.Build.0 = Debug|Any CPU
		{9DA72383-EC75-4389-AC4C-04BC058B50B7}.Release|Any CPU.ActiveCfg = Release|Any CPU
		{9DA72383-EC75-4389-AC4C-04BC058B50B7}.Release|Any CPU.Build.0 = Release|Any CPU
		{C9BBC670-0CFD-4037-A688-BAA3506CB0B7}.Debug|Any CPU.ActiveCfg = Debug|Any CPU
		{C9BBC670-0CFD-4037-A688-BAA3506CB0B7}.Debug|Any CPU.Build.0 = Debug|Any CPU
		{C9BBC670-0CFD-4037-A688-BAA3506CB0B7}.Release|Any CPU.ActiveCfg = Release|Any CPU
		{C9BBC670-0CFD-4037-A688-BAA3506CB0B7}.Release|Any CPU.Build.0 = Release|Any CPU
		{D23740E4-5F87-4E20-9AB9-1F81F1407376}.Debug|Any CPU.ActiveCfg = Debug|Any CPU
		{D23740E4-5F87-4E20-9AB9-1F81F1407376}.Debug|Any CPU.Build.0 = Debug|Any CPU
		{D23740E4-5F87-4E20-9AB9-1F81F1407376}.Release|Any CPU.ActiveCfg = Release|Any CPU
		{D23740E4-5F87-4E20-9AB9-1F81F1407376}.Release|Any CPU.Build.0 = Release|Any CPU
	EndGlobalSection
	GlobalSection(SolutionProperties) = preSolution
		HideSolutionNode = FALSE
	EndGlobalSection
	GlobalSection(ExtensibilityGlobals) = postSolution
		SolutionGuid = {8488090C-4B01-40C1-B17E-5A55B40929C5}
	EndGlobalSection
EndGlobal
